
Microsoft Visual Studio Solution File, Format Version 12.00
# Visual Studio Version 17
VisualStudioVersion = 17.2.32526.322
MinimumVisualStudioVersion = 10.0.40219.1
Project("{FAE04EC0-301F-11D3-BF4B-00C04F79EFBC}") = "Shopping List Lab", "Shopping List Lab.csproj", "{EE196862-70CC-4E0C-93F9-82E08C3848C5}"
EndProject
Global
	GlobalSection(SolutionConfigurationPlatforms) = preSolution
		Debug|Any CPU = Debug|Any CPU
		Release|Any CPU = Release|Any CPU
	EndGlobalSection
	GlobalSection(ProjectConfigurationPlatforms) = postSolution
		{EE196862-70CC-4E0C-93F9-82E08C3848C5}.Debug|Any CPU.ActiveCfg = Debug|Any CPU
		{EE196862-70CC-4E0C-93F9-82E08C3848C5}.Debug|Any CPU.Build.0 = Debug|Any CPU
		{EE196862-70CC-4E0C-93F9-82E08C3848C5}.Release|Any CPU.ActiveCfg = Release|Any CPU
		{EE196862-70CC-4E0C-93F9-82E08C3848C5}.Release|Any CPU.Build.0 = Release|Any CPU
	EndGlobalSection
	GlobalSection(SolutionProperties) = preSolution
		HideSolutionNode = FALSE
	EndGlobalSection
	GlobalSection(ExtensibilityGlobals) = postSolution
		SolutionGuid = {5A34A4C2-47B5-4A5E-901E-AAFD95F64841}
	EndGlobalSection
EndGlobal
